// !$*UTF8*$!
{
	archiveVersion = 1;
	classes = {
	};
	objectVersion = 50;
	objects = {

/* Begin PBXBuildFile section */
		B088FD65238B19420046EE5F /* BookCell.swift in Sources */ = {isa = PBXBuildFile; fileRef = B088FD64238B19420046EE5F /* BookCell.swift */; };
		B0A65DC9238A291B00E20431 /* AppDelegate.swift in Sources */ = {isa = PBXBuildFile; fileRef = B0A65DC8238A291B00E20431 /* AppDelegate.swift */; };
		B0A65DCB238A291B00E20431 /* SceneDelegate.swift in Sources */ = {isa = PBXBuildFile; fileRef = B0A65DCA238A291B00E20431 /* SceneDelegate.swift */; };
		B0A65DCD238A291B00E20431 /* BooksTable.swift in Sources */ = {isa = PBXBuildFile; fileRef = B0A65DCC238A291B00E20431 /* BooksTable.swift */; };
		B0A65DD2238A291B00E20431 /* Assets.xcassets in Resources */ = {isa = PBXBuildFile; fileRef = B0A65DD1238A291B00E20431 /* Assets.xcassets */; };
		B0A65DD5238A291B00E20431 /* LaunchScreen.storyboard in Resources */ = {isa = PBXBuildFile; fileRef = B0A65DD3238A291B00E20431 /* LaunchScreen.storyboard */; };
		B0C0199F238B3CFF003916DA /* PagesCollectionViewController.swift in Sources */ = {isa = PBXBuildFile; fileRef = B0C0199E238B3CFF003916DA /* PagesCollectionViewController.swift */; };
		B0C019A3238B3D63003916DA /* PageCell.swift in Sources */ = {isa = PBXBuildFile; fileRef = B0C019A2238B3D63003916DA /* PageCell.swift */; };
		B0D6A9BA238B11720045DD45 /* Models.swift in Sources */ = {isa = PBXBuildFile; fileRef = B0D6A9B9238B11720045DD45 /* Models.swift */; };
/* End PBXBuildFile section */

/* Begin PBXFileReference section */
		B088FD64238B19420046EE5F /* BookCell.swift */ = {isa = PBXFileReference; lastKnownFileType = sourcecode.swift; path = BookCell.swift; sourceTree = "<group>"; };
		B0A65DC5238A291B00E20431 /* Kindle.app */ = {isa = PBXFileReference; explicitFileType = wrapper.application; includeInIndex = 0; path = Kindle.app; sourceTree = BUILT_PRODUCTS_DIR; };
		B0A65DC8238A291B00E20431 /* AppDelegate.swift */ = {isa = PBXFileReference; lastKnownFileType = sourcecode.swift; path = AppDelegate.swift; sourceTree = "<group>"; };
		B0A65DCA238A291B00E20431 /* SceneDelegate.swift */ = {isa = PBXFileReference; lastKnownFileType = sourcecode.swift; path = SceneDelegate.swift; sourceTree = "<group>"; };
		B0A65DCC238A291B00E20431 /* BooksTable.swift */ = {isa = PBXFileReference; lastKnownFileType = sourcecode.swift; path = BooksTable.swift; sourceTree = "<group>"; };
		B0A65DD1238A291B00E20431 /* Assets.xcassets */ = {isa = PBXFileReference; lastKnownFileType = folder.assetcatalog; path = Assets.xcassets; sourceTree = "<group>"; };
		B0A65DD4238A291B00E20431 /* Base */ = {isa = PBXFileReference; lastKnownFileType = file.storyboard; name = Base; path = Base.lproj/LaunchScreen.storyboard; sourceTree = "<group>"; };
		B0A65DD6238A291B00E20431 /* Info.plist */ = {isa = PBXFileReference; lastKnownFileType = text.plist.xml; path = Info.plist; sourceTree = "<group>"; };
		B0C0199E238B3CFF003916DA /* PagesCollectionViewController.swift */ = {isa = PBXFileReference; lastKnownFileType = sourcecode.swift; path = PagesCollectionViewController.swift; sourceTree = "<group>"; };
		B0C019A2238B3D63003916DA /* PageCell.swift */ = {isa = PBXFileReference; lastKnownFileType = sourcecode.swift; path = PageCell.swift; sourceTree = "<group>"; };
		B0D6A9B9238B11720045DD45 /* Models.swift */ = {isa = PBXFileReference; lastKnownFileType = sourcecode.swift; path = Models.swift; sourceTree = "<group>"; };
/* End PBXFileReference section */

/* Begin PBXFrameworksBuildPhase section */
		B0A65DC2238A291B00E20431 /* Frameworks */ = {
			isa = PBXFrameworksBuildPhase;
			buildActionMask = 2147483647;
			files = (
			);
			runOnlyForDeploymentPostprocessing = 0;
		};
/* End PBXFrameworksBuildPhase section */

/* Begin PBXGroup section */
		B0A65DBC238A291B00E20431 = {
			isa = PBXGroup;
			children = (
				B0A65DC7238A291B00E20431 /* Kindle */,
				B0A65DC6238A291B00E20431 /* Products */,
			);
			sourceTree = "<group>";
		};
		B0A65DC6238A291B00E20431 /* Products */ = {
			isa = PBXGroup;
			children = (
				B0A65DC5238A291B00E20431 /* Kindle.app */,
			);
			name = Products;
			sourceTree = "<group>";
		};
		B0A65DC7238A291B00E20431 /* Kindle */ = {
			isa = PBXGroup;
			children = (
				B0A65DC8238A291B00E20431 /* AppDelegate.swift */,
				B0A65DCA238A291B00E20431 /* SceneDelegate.swift */,
				B0D6A9B9238B11720045DD45 /* Models.swift */,
				B0C019A0238B3D49003916DA /* Book */,
				B0C019A1238B3D54003916DA /* Pages */,
				B0A65DD1238A291B00E20431 /* Assets.xcassets */,
				B0A65DD3238A291B00E20431 /* LaunchScreen.storyboard */,
				B0A65DD6238A291B00E20431 /* Info.plist */,
			);
			path = Kindle;
			sourceTree = "<group>";
		};
		B0C019A0238B3D49003916DA /* Book */ = {
			isa = PBXGroup;
			children = (
				B088FD64238B19420046EE5F /* BookCell.swift */,
				B0A65DCC238A291B00E20431 /* BooksTable.swift */,
			);
			path = Book;
			sourceTree = "<group>";
		};
		B0C019A1238B3D54003916DA /* Pages */ = {
			isa = PBXGroup;
			children = (
				B0C0199E238B3CFF003916DA /* PagesCollectionViewController.swift */,
				B0C019A2238B3D63003916DA /* PageCell.swift */,
			);
			path = Pages;
			sourceTree = "<group>";
		};
/* End PBXGroup section */

/* Begin PBXNativeTarget section */
		B0A65DC4238A291B00E20431 /* Kindle */ = {
			isa = PBXNativeTarget;
			buildConfigurationList = B0A65DD9238A291B00E20431 /* Build configuration list for PBXNativeTarget "Kindle" */;
			buildPhases = (
				B0A65DC1238A291B00E20431 /* Sources */,
				B0A65DC2238A291B00E20431 /* Frameworks */,
				B0A65DC3238A291B00E20431 /* Resources */,
			);
			buildRules = (
			);
			dependencies = (
			);
			name = Kindle;
			productName = Kindle;
			productReference = B0A65DC5238A291B00E20431 /* Kindle.app */;
			productType = "com.apple.product-type.application";
		};
/* End PBXNativeTarget section */

/* Begin PBXProject section */
		B0A65DBD238A291B00E20431 /* Project object */ = {
			isa = PBXProject;
			attributes = {
				LastSwiftUpdateCheck = 1120;
				LastUpgradeCheck = 1120;
				ORGANIZATIONNAME = "PEEP TECHNOLOGIES SL";
				TargetAttributes = {
					B0A65DC4238A291B00E20431 = {
						CreatedOnToolsVersion = 11.2.1;
					};
				};
			};
			buildConfigurationList = B0A65DC0238A291B00E20431 /* Build configuration list for PBXProject "Kindle" */;
			compatibilityVersion = "Xcode 9.3";
			developmentRegion = en;
			hasScannedForEncodings = 0;
			knownRegions = (
				en,
				Base,
			);
			mainGroup = B0A65DBC238A291B00E20431;
			productRefGroup = B0A65DC6238A291B00E20431 /* Products */;
			projectDirPath = "";
			projectRoot = "";
			targets = (
				B0A65DC4238A291B00E20431 /* Kindle */,
			);
		};
/* End PBXProject section */

/* Begin PBXResourcesBuildPhase section */
		B0A65DC3238A291B00E20431 /* Resources */ = {
			isa = PBXResourcesBuildPhase;
			buildActionMask = 2147483647;
			files = (
				B0A65DD5238A291B00E20431 /* LaunchScreen.storyboard in Resources */,
				B0A65DD2238A291B00E20431 /* Assets.xcassets in Resources */,
			);
			runOnlyForDeploymentPostprocessing = 0;
		};
/* End PBXResourcesBuildPhase section */

/* Begin PBXSourcesBuildPhase section */
		B0A65DC1238A291B00E20431 /* Sources */ = {
			isa = PBXSourcesBuildPhase;
			buildActionMask = 2147483647;
			files = (
				B0A65DCD238A291B00E20431 /* BooksTable.swift in Sources */,
				B0A65DC9238A291B00E20431 /* AppDelegate.swift in Sources */,
				B0A65DCB238A291B00E20431 /* SceneDelegate.swift in Sources */,
				B0C0199F238B3CFF003916DA /* PagesCollectionViewController.swift in Sources */,
				B0D6A9BA238B11720045DD45 /* Models.swift in Sources */,
				B088FD65238B19420046EE5F /* BookCell.swift in Sources */,
				B0C019A3238B3D63003916DA /* PageCell.swift in Sources */,
			);
			runOnlyForDeploymentPostprocessing = 0;
		};
/* End PBXSourcesBuildPhase section */

/* Begin PBXVariantGroup section */
		B0A65DD3238A291B00E20431 /* LaunchScreen.storyboard */ = {
			isa = PBXVariantGroup;
			children = (
				B0A65DD4238A291B00E20431 /* Base */,
			);
			name = LaunchScreen.storyboard;
			sourceTree = "<group>";
		};
/* End PBXVariantGroup section */

/* Begin XCBuildConfiguration section */
		B0A65DD7238A291B00E20431 /* Debug */ = {
			isa = XCBuildConfiguration;
			buildSettings = {
				ALWAYS_SEARCH_USER_PATHS = NO;
				CLANG_ANALYZER_NONNULL = YES;
				CLANG_ANALYZER_NUMBER_OBJECT_CONVERSION = YES_AGGRESSIVE;
				CLANG_CXX_LANGUAGE_STANDARD = "gnu++14";
				CLANG_CXX_LIBRARY = "libc++";
				CLANG_ENABLE_MODULES = YES;
				CLANG_ENABLE_OBJC_ARC = YES;
				CLANG_ENABLE_OBJC_WEAK = YES;
				CLANG_WARN_BLOCK_CAPTURE_AUTORELEASING = YES;
				CLANG_WARN_BOOL_CONVERSION = YES;
				CLANG_WARN_COMMA = YES;
				CLANG_WARN_CONSTANT_CONVERSION = YES;
				CLANG_WARN_DEPRECATED_OBJC_IMPLEMENTATIONS = YES;
				CLANG_WARN_DIRECT_OBJC_ISA_USAGE = YES_ERROR;
				CLANG_WARN_DOCUMENTATION_COMMENTS = YES;
				CLANG_WARN_EMPTY_BODY = YES;
				CLANG_WARN_ENUM_CONVERSION = YES;
				CLANG_WARN_INFINITE_RECURSION = YES;
				CLANG_WARN_INT_CONVERSION = YES;
				CLANG_WARN_NON_LITERAL_NULL_CONVERSION = YES;
				CLANG_WARN_OBJC_IMPLICIT_RETAIN_SELF = YES;
				CLANG_WARN_OBJC_LITERAL_CONVERSION = YES;
				CLANG_WARN_OBJC_ROOT_CLASS = YES_ERROR;
				CLANG_WARN_RANGE_LOOP_ANALYSIS = YES;
				CLANG_WARN_STRICT_PROTOTYPES = YES;
				CLANG_WARN_SUSPICIOUS_MOVE = YES;
				CLANG_WARN_UNGUARDED_AVAILABILITY = YES_AGGRESSIVE;
				CLANG_WARN_UNREACHABLE_CODE = YES;
				CLANG_WARN__DUPLICATE_METHOD_MATCH = YES;
				COPY_PHASE_STRIP = NO;
				DEBUG_INFORMATION_FORMAT = dwarf;
				ENABLE_STRICT_OBJC_MSGSEND = YES;
				ENABLE_TESTABILITY = YES;
				GCC_C_LANGUAGE_STANDARD = gnu11;
				GCC_DYNAMIC_NO_PIC = NO;
				GCC_NO_COMMON_BLOCKS = YES;
				GCC_OPTIMIZATION_LEVEL = 0;
				GCC_PREPROCESSOR_DEFINITIONS = (
					"DEBUG=1",
					"$(inherited)",
				);
				GCC_WARN_64_TO_32_BIT_CONVERSION = YES;
				GCC_WARN_ABOUT_RETURN_TYPE = YES_ERROR;
				GCC_WARN_UNDECLARED_SELECTOR = YES;
				GCC_WARN_UNINITIALIZED_AUTOS = YES_AGGRESSIVE;
				GCC_WARN_UNUSED_FUNCTION = YES;
				GCC_WARN_UNUSED_VARIABLE = YES;
				IPHONEOS_DEPLOYMENT_TARGET = 13.2;
				MTL_ENABLE_DEBUG_INFO = INCLUDE_SOURCE;
				MTL_FAST_MATH = YES;
				ONLY_ACTIVE_ARCH = YES;
				SDKROOT = iphoneos;
				SWIFT_ACTIVE_COMPILATION_CONDITIONS = DEBUG;
				SWIFT_OPTIMIZATION_LEVEL = "-Onone";
			};
			name = Debug;
		};
		B0A65DD8238A291B00E20431 /* Release */ = {
			isa = XCBuildConfiguration;
			buildSettings = {
				ALWAYS_SEARCH_USER_PATHS = NO;
				CLANG_ANALYZER_NONNULL = YES;
				CLANG_ANALYZER_NUMBER_OBJECT_CONVERSION = YES_AGGRESSIVE;
				CLANG_CXX_LANGUAGE_STANDARD = "gnu++14";
				CLANG_CXX_LIBRARY = "libc++";
				CLANG_ENABLE_MODULES = YES;
				CLANG_ENABLE_OBJC_ARC = YES;
				CLANG_ENABLE_OBJC_WEAK = YES;
				CLANG_WARN_BLOCK_CAPTURE_AUTORELEASING = YES;
				CLANG_WARN_BOOL_CONVERSION = YES;
				CLANG_WARN_COMMA = YES;
				CLANG_WARN_CONSTANT_CONVERSION = YES;
				CLANG_WARN_DEPRECATED_OBJC_IMPLEMENTATIONS = YES;
				CLANG_WARN_DIRECT_OBJC_ISA_USAGE = YES_ERROR;
				CLANG_WARN_DOCUMENTATION_COMMENTS = YES;
				CLANG_WARN_EMPTY_BODY = YES;
				CLANG_WARN_ENUM_CONVERSION = YES;
				CLANG_WARN_INFINITE_RECURSION = YES;
				CLANG_WARN_INT_CONVERSION = YES;
				CLANG_WARN_NON_LITERAL_NULL_CONVERSION = YES;
				CLANG_WARN_OBJC_IMPLICIT_RETAIN_SELF = YES;
				CLANG_WARN_OBJC_LITERAL_CONVERSION = YES;
				CLANG_WARN_OBJC_ROOT_CLASS = YES_ERROR;
				CLANG_WARN_RANGE_LOOP_ANALYSIS = YES;
				CLANG_WARN_STRICT_PROTOTYPES = YES;
				CLANG_WARN_SUSPICIOUS_MOVE = YES;
				CLANG_WARN_UNGUARDED_AVAILABILITY = YES_AGGRESSIVE;
				CLANG_WARN_UNREACHABLE_CODE = YES;
				CLANG_WARN__DUPLICATE_METHOD_MATCH = YES;
				COPY_PHASE_STRIP = NO;
				DEBUG_INFORMATION_FORMAT = "dwarf-with-dsym";
				ENABLE_NS_ASSERTIONS = NO;
				ENABLE_STRICT_OBJC_MSGSEND = YES;
				GCC_C_LANGUAGE_STANDARD = gnu11;
				GCC_NO_COMMON_BLOCKS = YES;
				GCC_WARN_64_TO_32_BIT_CONVERSION = YES;
				GCC_WARN_ABOUT_RETURN_TYPE = YES_ERROR;
				GCC_WARN_UNDECLARED_SELECTOR = YES;
				GCC_WARN_UNINITIALIZED_AUTOS = YES_AGGRESSIVE;
				GCC_WARN_UNUSED_FUNCTION = YES;
				GCC_WARN_UNUSED_VARIABLE = YES;
				IPHONEOS_DEPLOYMENT_TARGET = 13.2;
				MTL_ENABLE_DEBUG_INFO = NO;
				MTL_FAST_MATH = YES;
				SDKROOT = iphoneos;
				SWIFT_COMPILATION_MODE = wholemodule;
				SWIFT_OPTIMIZATION_LEVEL = "-O";
				VALIDATE_PRODUCT = YES;
			};
			name = Release;
		};
		B0A65DDA238A291B00E20431 /* Debug */ = {
			isa = XCBuildConfiguration;
			buildSettings = {
				ASSETCATALOG_COMPILER_APPICON_NAME = AppIcon;
				CODE_SIGN_STYLE = Automatic;
				DEVELOPMENT_TEAM = Y42AQ74FUQ;
				INFOPLIST_FILE = Kindle/Info.plist;
				LD_RUNPATH_SEARCH_PATHS = (
					"$(inherited)",
					"@executable_path/Frameworks",
				);
				PRODUCT_BUNDLE_IDENTIFIER = "PEEP-TECHNOLOGIES-SL.Kindle";
				PRODUCT_NAME = "$(TARGET_NAME)";
				SWIFT_VERSION = 5.0;
				TARGETED_DEVICE_FAMILY = 1;
			};
			name = Debug;
		};
		B0A65DDB238A291B00E20431 /* Release */ = {
			isa = XCBuildConfiguration;
			buildSettings = {
				ASSETCATALOG_COMPILER_APPICON_NAME = AppIcon;
				CODE_SIGN_STYLE = Automatic;
				DEVELOPMENT_TEAM = Y42AQ74FUQ;
				INFOPLIST_FILE = Kindle/Info.plist;
				LD_RUNPATH_SEARCH_PATHS = (
					"$(inherited)",
					"@executable_path/Frameworks",
				);
				PRODUCT_BUNDLE_IDENTIFIER = "PEEP-TECHNOLOGIES-SL.Kindle";
				PRODUCT_NAME = "$(TARGET_NAME)";
				SWIFT_VERSION = 5.0;
				TARGETED_DEVICE_FAMILY = 1;
			};
			name = Release;
		};
/* End XCBuildConfiguration section */

/* Begin XCConfigurationList section */
		B0A65DC0238A291B00E20431 /* Build configuration list for PBXProject "Kindle" */ = {
			isa = XCConfigurationList;
			buildConfigurations = (
				B0A65DD7238A291B00E20431 /* Debug */,
				B0A65DD8238A291B00E20431 /* Release */,
			);
			defaultConfigurationIsVisible = 0;
			defaultConfigurationName = Release;
		};
		B0A65DD9238A291B00E20431 /* Build configuration list for PBXNativeTarget "Kindle" */ = {
			isa = XCConfigurationList;
			buildConfigurations = (
				B0A65DDA238A291B00E20431 /* Debug */,
				B0A65DDB238A291B00E20431 /* Release */,
			);
			defaultConfigurationIsVisible = 0;
			defaultConfigurationName = Release;
		};
/* End XCConfigurationList section */
	};
	rootObject = B0A65DBD238A291B00E20431 /* Project object */;
}
